
Microsoft Visual Studio Solution File, Format Version 12.00
# Visual Studio Version 17
VisualStudioVersion = 17.3.32901.215
MinimumVisualStudioVersion = 10.0.40219.1
Project("{FAE04EC0-301F-11D3-BF4B-00C04F79EFBC}") = "RCLocacoes.Application", "RCLocacoes.Application\RCLocacoes.Application.csproj", "{3986F1F1-FBB1-4EE1-8D7D-C9503C6723B6}"
EndProject
Project("{FAE04EC0-301F-11D3-BF4B-00C04F79EFBC}") = "RCLocacoes.Domain", "RCLocacoes.Domain\RCLocacoes.Domain.csproj", "{87B0F499-2751-4C29-B5B5-E1EDDE20517A}"
EndProject
Project("{FAE04EC0-301F-11D3-BF4B-00C04F79EFBC}") = "RCLocacoes.Infra.Data", "RCLocacoes.Infra.Data\RCLocacoes.Infra.Data.csproj", "{54A50740-B78D-4BAF-B83E-FCC239FC90A1}"
EndProject
Project("{FAE04EC0-301F-11D3-BF4B-00C04F79EFBC}") = "RCLocacoes.Infrastructure.IoC", "RCLocacoes.Infrastructure.IoC\RCLocacoes.Infrastructure.IoC.csproj", "{EE546D89-82CE-4422-9CB4-9A59B136D53E}"
EndProject
Project("{FAE04EC0-301F-11D3-BF4B-00C04F79EFBC}") = "RCLocacoes.Web.Mvc", "RCLocacoes.Web.Mvc\RCLocacoes.Web.Mvc.csproj", "{557F85E2-99DD-4592-953C-B47970367908}"
EndProject
Global
	GlobalSection(SolutionConfigurationPlatforms) = preSolution
		Debug|Any CPU = Debug|Any CPU
		Release|Any CPU = Release|Any CPU
	EndGlobalSection
	GlobalSection(ProjectConfigurationPlatforms) = postSolution
		{3986F1F1-FBB1-4EE1-8D7D-C9503C6723B6}.Debug|Any CPU.ActiveCfg = Debug|Any CPU
		{3986F1F1-FBB1-4EE1-8D7D-C9503C6723B6}.Debug|Any CPU.Build.0 = Debug|Any CPU
		{3986F1F1-FBB1-4EE1-8D7D-C9503C6723B6}.Release|Any CPU.ActiveCfg = Release|Any CPU
		{3986F1F1-FBB1-4EE1-8D7D-C9503C6723B6}.Release|Any CPU.Build.0 = Release|Any CPU
		{87B0F499-2751-4C29-B5B5-E1EDDE20517A}.Debug|Any CPU.ActiveCfg = Debug|Any CPU
		{87B0F499-2751-4C29-B5B5-E1EDDE20517A}.Debug|Any CPU.Build.0 = Debug|Any CPU
		{87B0F499-2751-4C29-B5B5-E1EDDE20517A}.Release|Any CPU.ActiveCfg = Release|Any CPU
		{87B0F499-2751-4C29-B5B5-E1EDDE20517A}.Release|Any CPU.Build.0 = Release|Any CPU
		{54A50740-B78D-4BAF-B83E-FCC239FC90A1}.Debug|Any CPU.ActiveCfg = Debug|Any CPU
		{54A50740-B78D-4BAF-B83E-FCC239FC90A1}.Debug|Any CPU.Build.0 = Debug|Any CPU
		{54A50740-B78D-4BAF-B83E-FCC239FC90A1}.Release|Any CPU.ActiveCfg = Release|Any CPU
		{54A50740-B78D-4BAF-B83E-FCC239FC90A1}.Release|Any CPU.Build.0 = Release|Any CPU
		{EE546D89-82CE-4422-9CB4-9A59B136D53E}.Debug|Any CPU.ActiveCfg = Debug|Any CPU
		{EE546D89-82CE-4422-9CB4-9A59B136D53E}.Debug|Any CPU.Build.0 = Debug|Any CPU
		{EE546D89-82CE-4422-9CB4-9A59B136D53E}.Release|Any CPU.ActiveCfg = Release|Any CPU
		{EE546D89-82CE-4422-9CB4-9A59B136D53E}.Release|Any CPU.Build.0 = Release|Any CPU
		{557F85E2-99DD-4592-953C-B47970367908}.Debug|Any CPU.ActiveCfg = Debug|Any CPU
		{557F85E2-99DD-4592-953C-B47970367908}.Debug|Any CPU.Build.0 = Debug|Any CPU
		{557F85E2-99DD-4592-953C-B47970367908}.Release|Any CPU.ActiveCfg = Release|Any CPU
		{557F85E2-99DD-4592-953C-B47970367908}.Release|Any CPU.Build.0 = Release|Any CPU
	EndGlobalSection
	GlobalSection(SolutionProperties) = preSolution
		HideSolutionNode = FALSE
	EndGlobalSection
	GlobalSection(ExtensibilityGlobals) = postSolution
		SolutionGuid = {AC031A73-C45B-4099-B9BF-7869F05F5926}
	EndGlobalSection
EndGlobal
